
Microsoft Visual Studio Solution File, Format Version 12.00
# Visual Studio Version 17
VisualStudioVersion = 17.1.32210.238
MinimumVisualStudioVersion = 10.0.40219.1
Project("{FAE04EC0-301F-11D3-BF4B-00C04F79EFBC}") = "WebAppForPipelines", "WebAppForPipelines\WebAppForPipelines.csproj", "{E5B34744-BE08-4151-9809-C70A5714EB7C}"
EndProject
Global
	GlobalSection(SolutionConfigurationPlatforms) = preSolution
		Debug|Any CPU = Debug|Any CPU
		Release|Any CPU = Release|Any CPU
	EndGlobalSection
	GlobalSection(ProjectConfigurationPlatforms) = postSolution
		{E5B34744-BE08-4151-9809-C70A5714EB7C}.Debug|Any CPU.ActiveCfg = Debug|Any CPU
		{E5B34744-BE08-4151-9809-C70A5714EB7C}.Debug|Any CPU.Build.0 = Debug|Any CPU
		{E5B34744-BE08-4151-9809-C70A5714EB7C}.Release|Any CPU.ActiveCfg = Release|Any CPU
		{E5B34744-BE08-4151-9809-C70A5714EB7C}.Release|Any CPU.Build.0 = Release|Any CPU
	EndGlobalSection
	GlobalSection(SolutionProperties) = preSolution
		HideSolutionNode = FALSE
	EndGlobalSection
	GlobalSection(ExtensibilityGlobals) = postSolution
		SolutionGuid = {578B7978-6979-4D3E-A4E2-0186B1F23701}
	EndGlobalSection
EndGlobal
